
Microsoft Visual Studio Solution File, Format Version 12.00
# Visual Studio Version 17
VisualStudioVersion = 17.2.32630.192
MinimumVisualStudioVersion = 10.0.40219.1
Project("{9A19103F-16F7-4668-BE54-9A1E7A4F7556}") = "WpfDataApp", "WpfDataApp\WpfDataApp.csproj", "{9AA56A4C-1273-4A57-AC9D-18BA209794F3}"
EndProject
Project("{9A19103F-16F7-4668-BE54-9A1E7A4F7556}") = "DataModel", "DataModel\DataModel.csproj", "{C0273500-A8E8-4FA5-A615-1509C67037CF}"
EndProject
Global
	GlobalSection(SolutionConfigurationPlatforms) = preSolution
		Debug|Any CPU = Debug|Any CPU
		Release|Any CPU = Release|Any CPU
	EndGlobalSection
	GlobalSection(ProjectConfigurationPlatforms) = postSolution
		{9AA56A4C-1273-4A57-AC9D-18BA209794F3}.Debug|Any CPU.ActiveCfg = Debug|Any CPU
		{9AA56A4C-1273-4A57-AC9D-18BA209794F3}.Debug|Any CPU.Build.0 = Debug|Any CPU
		{9AA56A4C-1273-4A57-AC9D-18BA209794F3}.Release|Any CPU.ActiveCfg = Release|Any CPU
		{9AA56A4C-1273-4A57-AC9D-18BA209794F3}.Release|Any CPU.Build.0 = Release|Any CPU
		{C0273500-A8E8-4FA5-A615-1509C67037CF}.Debug|Any CPU.ActiveCfg = Debug|Any CPU
		{C0273500-A8E8-4FA5-A615-1509C67037CF}.Debug|Any CPU.Build.0 = Debug|Any CPU
		{C0273500-A8E8-4FA5-A615-1509C67037CF}.Release|Any CPU.ActiveCfg = Release|Any CPU
		{C0273500-A8E8-4FA5-A615-1509C67037CF}.Release|Any CPU.Build.0 = Release|Any CPU
	EndGlobalSection
	GlobalSection(SolutionProperties) = preSolution
		HideSolutionNode = FALSE
	EndGlobalSection
	GlobalSection(ExtensibilityGlobals) = postSolution
		SolutionGuid = {26ECCA17-4188-432A-99D8-79E930C895FC}
	EndGlobalSection
EndGlobal
